
Microsoft Visual Studio Solution File, Format Version 12.00
# Visual Studio Version 17
VisualStudioVersion = 17.5.002.0
MinimumVisualStudioVersion = 10.0.40219.1
Project("{9A19103F-16F7-4668-BE54-9A1E7A4F7556}") = "HttpExampleFunctionProject", "HttpExampleFunctionProject\HttpExampleFunctionProject.csproj", "{82DEEBE5-F515-4DA2-B4D1-8DB4F545A38A}"
EndProject
Global
	GlobalSection(SolutionConfigurationPlatforms) = preSolution
		Debug|Any CPU = Debug|Any CPU
		Release|Any CPU = Release|Any CPU
	EndGlobalSection
	GlobalSection(ProjectConfigurationPlatforms) = postSolution
		{82DEEBE5-F515-4DA2-B4D1-8DB4F545A38A}.Debug|Any CPU.ActiveCfg = Debug|Any CPU
		{82DEEBE5-F515-4DA2-B4D1-8DB4F545A38A}.Debug|Any CPU.Build.0 = Debug|Any CPU
		{82DEEBE5-F515-4DA2-B4D1-8DB4F545A38A}.Release|Any CPU.ActiveCfg = Release|Any CPU
		{82DEEBE5-F515-4DA2-B4D1-8DB4F545A38A}.Release|Any CPU.Build.0 = Release|Any CPU
	EndGlobalSection
	GlobalSection(SolutionProperties) = preSolution
		HideSolutionNode = FALSE
	EndGlobalSection
	GlobalSection(ExtensibilityGlobals) = postSolution
		SolutionGuid = {8DA084EA-4C1B-410F-BAF4-767B8AD436F9}
	EndGlobalSection
EndGlobal
